
Microsoft Visual Studio Solution File, Format Version 12.00
# Visual Studio Version 16
VisualStudioVersion = 16.0.31402.337
MinimumVisualStudioVersion = 10.0.40219.1
Project("{FAE04EC0-301F-11D3-BF4B-00C04F79EFBC}") = "Simple-numbers", "Simple-numbers\Simple-numbers.csproj", "{192D3898-B454-4408-9929-2118949FEA11}"
EndProject
Global
	GlobalSection(SolutionConfigurationPlatforms) = preSolution
		Debug|Any CPU = Debug|Any CPU
		Release|Any CPU = Release|Any CPU
	EndGlobalSection
	GlobalSection(ProjectConfigurationPlatforms) = postSolution
		{192D3898-B454-4408-9929-2118949FEA11}.Debug|Any CPU.ActiveCfg = Debug|Any CPU
		{192D3898-B454-4408-9929-2118949FEA11}.Debug|Any CPU.Build.0 = Debug|Any CPU
		{192D3898-B454-4408-9929-2118949FEA11}.Release|Any CPU.ActiveCfg = Release|Any CPU
		{192D3898-B454-4408-9929-2118949FEA11}.Release|Any CPU.Build.0 = Release|Any CPU
	EndGlobalSection
	GlobalSection(SolutionProperties) = preSolution
		HideSolutionNode = FALSE
	EndGlobalSection
	GlobalSection(ExtensibilityGlobals) = postSolution
		SolutionGuid = {6EA868DA-57ED-4F08-9B8A-89289695A7F4}
	EndGlobalSection
EndGlobal
