
Microsoft Visual Studio Solution File, Format Version 12.00
# Visual Studio 15
VisualStudioVersion = 15.0.28307.852
MinimumVisualStudioVersion = 10.0.40219.1
Project("{FAE04EC0-301F-11D3-BF4B-00C04F79EFBC}") = "1. Plenty (Множество)", "1. Plenty (Множество)\1. Plenty (Множество).csproj", "{A35471BA-5D2B-4606-95CE-EE2F94F48249}"
EndProject
Global
	GlobalSection(SolutionConfigurationPlatforms) = preSolution
		Debug|Any CPU = Debug|Any CPU
		Release|Any CPU = Release|Any CPU
	EndGlobalSection
	GlobalSection(ProjectConfigurationPlatforms) = postSolution
		{A35471BA-5D2B-4606-95CE-EE2F94F48249}.Debug|Any CPU.ActiveCfg = Debug|Any CPU
		{A35471BA-5D2B-4606-95CE-EE2F94F48249}.Debug|Any CPU.Build.0 = Debug|Any CPU
		{A35471BA-5D2B-4606-95CE-EE2F94F48249}.Release|Any CPU.ActiveCfg = Release|Any CPU
		{A35471BA-5D2B-4606-95CE-EE2F94F48249}.Release|Any CPU.Build.0 = Release|Any CPU
	EndGlobalSection
	GlobalSection(SolutionProperties) = preSolution
		HideSolutionNode = FALSE
	EndGlobalSection
	GlobalSection(ExtensibilityGlobals) = postSolution
		SolutionGuid = {C19A5D47-CCEA-448B-ACEF-0091A87DA48E}
	EndGlobalSection
EndGlobal
