
Microsoft Visual Studio Solution File, Format Version 11.00
# Visual Studio 2010
Project("{FAE04EC0-301F-11D3-BF4B-00C04F79EFBC}") = "PipesServer", "PipesServer\PipesServer.csproj", "{27520607-798D-4C35-9835-C166177BFFFB}"
EndProject
Global
	GlobalSection(SolutionConfigurationPlatforms) = preSolution
		Debug|x86 = Debug|x86
		Release|x86 = Release|x86
	EndGlobalSection
	GlobalSection(ProjectConfigurationPlatforms) = postSolution
		{27520607-798D-4C35-9835-C166177BFFFB}.Debug|x86.ActiveCfg = Debug|x86
		{27520607-798D-4C35-9835-C166177BFFFB}.Debug|x86.Build.0 = Debug|x86
		{27520607-798D-4C35-9835-C166177BFFFB}.Release|x86.ActiveCfg = Release|x86
		{27520607-798D-4C35-9835-C166177BFFFB}.Release|x86.Build.0 = Release|x86
	EndGlobalSection
	GlobalSection(SolutionProperties) = preSolution
		HideSolutionNode = FALSE
	EndGlobalSection
EndGlobal
