
Microsoft Visual Studio Solution File, Format Version 12.00
# Visual Studio Version 16
VisualStudioVersion = 16.0.31402.337
MinimumVisualStudioVersion = 10.0.40219.1
Project("{FAE04EC0-301F-11D3-BF4B-00C04F79EFBC}") = "Division_v1", "Division_v1\Division_v1.csproj", "{36647FDE-68BB-4F0B-AF18-118DAA4F3B49}"
EndProject
Project("{FAE04EC0-301F-11D3-BF4B-00C04F79EFBC}") = "Division_v2", "Division_v2\Division_v2.csproj", "{EDA8CE3E-F147-41A3-A5C1-610A9CB9C0BC}"
EndProject
Global
	GlobalSection(SolutionConfigurationPlatforms) = preSolution
		Debug|Any CPU = Debug|Any CPU
		Release|Any CPU = Release|Any CPU
	EndGlobalSection
	GlobalSection(ProjectConfigurationPlatforms) = postSolution
		{36647FDE-68BB-4F0B-AF18-118DAA4F3B49}.Debug|Any CPU.ActiveCfg = Debug|Any CPU
		{36647FDE-68BB-4F0B-AF18-118DAA4F3B49}.Debug|Any CPU.Build.0 = Debug|Any CPU
		{36647FDE-68BB-4F0B-AF18-118DAA4F3B49}.Release|Any CPU.ActiveCfg = Release|Any CPU
		{36647FDE-68BB-4F0B-AF18-118DAA4F3B49}.Release|Any CPU.Build.0 = Release|Any CPU
		{EDA8CE3E-F147-41A3-A5C1-610A9CB9C0BC}.Debug|Any CPU.ActiveCfg = Debug|Any CPU
		{EDA8CE3E-F147-41A3-A5C1-610A9CB9C0BC}.Debug|Any CPU.Build.0 = Debug|Any CPU
		{EDA8CE3E-F147-41A3-A5C1-610A9CB9C0BC}.Release|Any CPU.ActiveCfg = Release|Any CPU
		{EDA8CE3E-F147-41A3-A5C1-610A9CB9C0BC}.Release|Any CPU.Build.0 = Release|Any CPU
	EndGlobalSection
	GlobalSection(SolutionProperties) = preSolution
		HideSolutionNode = FALSE
	EndGlobalSection
	GlobalSection(ExtensibilityGlobals) = postSolution
		SolutionGuid = {EDE2D395-1273-4AC5-B7D5-1C5E24BE43A1}
	EndGlobalSection
EndGlobal
