
Microsoft Visual Studio Solution File, Format Version 12.00
# Visual Studio 15
VisualStudioVersion = 15.0.28307.852
MinimumVisualStudioVersion = 10.0.40219.1
Project("{FAE04EC0-301F-11D3-BF4B-00C04F79EFBC}") = "Array.1", "Array.1\Array.1.csproj", "{02274CFE-26BF-4ABA-AE9C-233E634287AF}"
EndProject
Global
	GlobalSection(SolutionConfigurationPlatforms) = preSolution
		Debug|Any CPU = Debug|Any CPU
		Release|Any CPU = Release|Any CPU
	EndGlobalSection
	GlobalSection(ProjectConfigurationPlatforms) = postSolution
		{02274CFE-26BF-4ABA-AE9C-233E634287AF}.Debug|Any CPU.ActiveCfg = Debug|Any CPU
		{02274CFE-26BF-4ABA-AE9C-233E634287AF}.Debug|Any CPU.Build.0 = Debug|Any CPU
		{02274CFE-26BF-4ABA-AE9C-233E634287AF}.Release|Any CPU.ActiveCfg = Release|Any CPU
		{02274CFE-26BF-4ABA-AE9C-233E634287AF}.Release|Any CPU.Build.0 = Release|Any CPU
	EndGlobalSection
	GlobalSection(SolutionProperties) = preSolution
		HideSolutionNode = FALSE
	EndGlobalSection
	GlobalSection(ExtensibilityGlobals) = postSolution
		SolutionGuid = {5AA351EE-D1B9-40F5-82B8-0310565DBE0F}
	EndGlobalSection
EndGlobal
