
Microsoft Visual Studio Solution File, Format Version 12.00
# Visual Studio Version 16
VisualStudioVersion = 16.0.31402.337
MinimumVisualStudioVersion = 10.0.40219.1
Project("{FAE04EC0-301F-11D3-BF4B-00C04F79EFBC}") = "Server", "Server\Server.csproj", "{CA1E4C4B-5D82-4F1A-9596-9C3849E436B9}"
EndProject
Project("{FAE04EC0-301F-11D3-BF4B-00C04F79EFBC}") = "Client", "Client\Client.csproj", "{CC773055-AAF2-4453-9D13-D7A0FFD212BC}"
EndProject
Global
	GlobalSection(SolutionConfigurationPlatforms) = preSolution
		Debug|Any CPU = Debug|Any CPU
		Debug|x86 = Debug|x86
		Release|Any CPU = Release|Any CPU
		Release|x86 = Release|x86
	EndGlobalSection
	GlobalSection(ProjectConfigurationPlatforms) = postSolution
		{CA1E4C4B-5D82-4F1A-9596-9C3849E436B9}.Debug|Any CPU.ActiveCfg = Debug|x86
		{CA1E4C4B-5D82-4F1A-9596-9C3849E436B9}.Debug|x86.ActiveCfg = Debug|x86
		{CA1E4C4B-5D82-4F1A-9596-9C3849E436B9}.Debug|x86.Build.0 = Debug|x86
		{CA1E4C4B-5D82-4F1A-9596-9C3849E436B9}.Release|Any CPU.ActiveCfg = Release|x86
		{CA1E4C4B-5D82-4F1A-9596-9C3849E436B9}.Release|x86.ActiveCfg = Release|x86
		{CA1E4C4B-5D82-4F1A-9596-9C3849E436B9}.Release|x86.Build.0 = Release|x86
		{CC773055-AAF2-4453-9D13-D7A0FFD212BC}.Debug|Any CPU.ActiveCfg = Debug|Any CPU
		{CC773055-AAF2-4453-9D13-D7A0FFD212BC}.Debug|Any CPU.Build.0 = Debug|Any CPU
		{CC773055-AAF2-4453-9D13-D7A0FFD212BC}.Debug|x86.ActiveCfg = Debug|Any CPU
		{CC773055-AAF2-4453-9D13-D7A0FFD212BC}.Debug|x86.Build.0 = Debug|Any CPU
		{CC773055-AAF2-4453-9D13-D7A0FFD212BC}.Release|Any CPU.ActiveCfg = Release|Any CPU
		{CC773055-AAF2-4453-9D13-D7A0FFD212BC}.Release|Any CPU.Build.0 = Release|Any CPU
		{CC773055-AAF2-4453-9D13-D7A0FFD212BC}.Release|x86.ActiveCfg = Release|Any CPU
		{CC773055-AAF2-4453-9D13-D7A0FFD212BC}.Release|x86.Build.0 = Release|Any CPU
	EndGlobalSection
	GlobalSection(SolutionProperties) = preSolution
		HideSolutionNode = FALSE
	EndGlobalSection
	GlobalSection(ExtensibilityGlobals) = postSolution
		SolutionGuid = {0CB10C60-8476-49CE-A5F0-2BB4A2E3CB62}
	EndGlobalSection
EndGlobal
