
Microsoft Visual Studio Solution File, Format Version 11.00
# Visual Studio 2010
Project("{FAE04EC0-301F-11D3-BF4B-00C04F79EFBC}") = "NewWebService", "NewWebService\NewWebService.csproj", "{E7A917C9-E4AE-4FDC-94B1-AE3200F4B1A1}"
EndProject
Global
	GlobalSection(SolutionConfigurationPlatforms) = preSolution
		Debug|Any CPU = Debug|Any CPU
		Release|Any CPU = Release|Any CPU
	EndGlobalSection
	GlobalSection(ProjectConfigurationPlatforms) = postSolution
		{E7A917C9-E4AE-4FDC-94B1-AE3200F4B1A1}.Debug|Any CPU.ActiveCfg = Debug|Any CPU
		{E7A917C9-E4AE-4FDC-94B1-AE3200F4B1A1}.Debug|Any CPU.Build.0 = Debug|Any CPU
		{E7A917C9-E4AE-4FDC-94B1-AE3200F4B1A1}.Release|Any CPU.ActiveCfg = Release|Any CPU
		{E7A917C9-E4AE-4FDC-94B1-AE3200F4B1A1}.Release|Any CPU.Build.0 = Release|Any CPU
	EndGlobalSection
	GlobalSection(SolutionProperties) = preSolution
		HideSolutionNode = FALSE
	EndGlobalSection
EndGlobal
