
Microsoft Visual Studio Solution File, Format Version 12.00
# Visual Studio Version 16
VisualStudioVersion = 16.0.29709.97
MinimumVisualStudioVersion = 10.0.40219.1
Project("{8BC9CEB8-8B4A-11D0-8D11-00A0C91BC942}") = "lab", "lab\lab.vcxproj", "{4273FE94-D465-43AE-A8B4-917D3ED84B5C}"
EndProject
Global
	GlobalSection(SolutionConfigurationPlatforms) = preSolution
		Debug|x64 = Debug|x64
		Debug|x86 = Debug|x86
		Release|x64 = Release|x64
		Release|x86 = Release|x86
	EndGlobalSection
	GlobalSection(ProjectConfigurationPlatforms) = postSolution
		{4273FE94-D465-43AE-A8B4-917D3ED84B5C}.Debug|x64.ActiveCfg = Debug|x64
		{4273FE94-D465-43AE-A8B4-917D3ED84B5C}.Debug|x64.Build.0 = Debug|x64
		{4273FE94-D465-43AE-A8B4-917D3ED84B5C}.Debug|x86.ActiveCfg = Debug|Win32
		{4273FE94-D465-43AE-A8B4-917D3ED84B5C}.Debug|x86.Build.0 = Debug|Win32
		{4273FE94-D465-43AE-A8B4-917D3ED84B5C}.Release|x64.ActiveCfg = Release|x64
		{4273FE94-D465-43AE-A8B4-917D3ED84B5C}.Release|x64.Build.0 = Release|x64
		{4273FE94-D465-43AE-A8B4-917D3ED84B5C}.Release|x86.ActiveCfg = Release|Win32
		{4273FE94-D465-43AE-A8B4-917D3ED84B5C}.Release|x86.Build.0 = Release|Win32
	EndGlobalSection
	GlobalSection(SolutionProperties) = preSolution
		HideSolutionNode = FALSE
	EndGlobalSection
	GlobalSection(ExtensibilityGlobals) = postSolution
		SolutionGuid = {7F738D22-D046-49A8-8D35-ACF07C4B8755}
	EndGlobalSection
EndGlobal
