
Microsoft Visual Studio Solution File, Format Version 12.00
# Visual Studio Version 16
VisualStudioVersion = 16.0.31402.337
MinimumVisualStudioVersion = 10.0.40219.1
Project("{FAE04EC0-301F-11D3-BF4B-00C04F79EFBC}") = "Client", "Client\Client.csproj", "{F594890F-A1BE-4D08-8736-BD3E8B4A6BF2}"
EndProject
Project("{FAE04EC0-301F-11D3-BF4B-00C04F79EFBC}") = "WebService", "WebService\WebService.csproj", "{FAE530FC-1978-442B-BE87-425E9BF00EB9}"
EndProject
Global
	GlobalSection(SolutionConfigurationPlatforms) = preSolution
		Debug|Any CPU = Debug|Any CPU
		Debug|x86 = Debug|x86
		Release|Any CPU = Release|Any CPU
		Release|x86 = Release|x86
	EndGlobalSection
	GlobalSection(ProjectConfigurationPlatforms) = postSolution
		{F594890F-A1BE-4D08-8736-BD3E8B4A6BF2}.Debug|Any CPU.ActiveCfg = Debug|x86
		{F594890F-A1BE-4D08-8736-BD3E8B4A6BF2}.Debug|x86.ActiveCfg = Debug|x86
		{F594890F-A1BE-4D08-8736-BD3E8B4A6BF2}.Debug|x86.Build.0 = Debug|x86
		{F594890F-A1BE-4D08-8736-BD3E8B4A6BF2}.Release|Any CPU.ActiveCfg = Release|x86
		{F594890F-A1BE-4D08-8736-BD3E8B4A6BF2}.Release|x86.ActiveCfg = Release|x86
		{F594890F-A1BE-4D08-8736-BD3E8B4A6BF2}.Release|x86.Build.0 = Release|x86
		{FAE530FC-1978-442B-BE87-425E9BF00EB9}.Debug|Any CPU.ActiveCfg = Debug|Any CPU
		{FAE530FC-1978-442B-BE87-425E9BF00EB9}.Debug|Any CPU.Build.0 = Debug|Any CPU
		{FAE530FC-1978-442B-BE87-425E9BF00EB9}.Debug|x86.ActiveCfg = Debug|Any CPU
		{FAE530FC-1978-442B-BE87-425E9BF00EB9}.Debug|x86.Build.0 = Debug|Any CPU
		{FAE530FC-1978-442B-BE87-425E9BF00EB9}.Release|Any CPU.ActiveCfg = Release|Any CPU
		{FAE530FC-1978-442B-BE87-425E9BF00EB9}.Release|Any CPU.Build.0 = Release|Any CPU
		{FAE530FC-1978-442B-BE87-425E9BF00EB9}.Release|x86.ActiveCfg = Release|Any CPU
		{FAE530FC-1978-442B-BE87-425E9BF00EB9}.Release|x86.Build.0 = Release|Any CPU
	EndGlobalSection
	GlobalSection(SolutionProperties) = preSolution
		HideSolutionNode = FALSE
	EndGlobalSection
	GlobalSection(ExtensibilityGlobals) = postSolution
		SolutionGuid = {71096524-409C-4F02-93CE-8F55ECCC23FD}
	EndGlobalSection
EndGlobal
