
Microsoft Visual Studio Solution File, Format Version 11.00
# Visual Studio 2010
Project("{FAE04EC0-301F-11D3-BF4B-00C04F79EFBC}") = "MSMQClient", "MSMQClient\MSMQClient.csproj", "{08DAA95C-6DA4-41E8-8F71-0F49848AE6CC}"
EndProject
Global
	GlobalSection(SolutionConfigurationPlatforms) = preSolution
		Debug|x86 = Debug|x86
		Release|x86 = Release|x86
	EndGlobalSection
	GlobalSection(ProjectConfigurationPlatforms) = postSolution
		{08DAA95C-6DA4-41E8-8F71-0F49848AE6CC}.Debug|x86.ActiveCfg = Debug|x86
		{08DAA95C-6DA4-41E8-8F71-0F49848AE6CC}.Debug|x86.Build.0 = Debug|x86
		{08DAA95C-6DA4-41E8-8F71-0F49848AE6CC}.Release|x86.ActiveCfg = Release|x86
		{08DAA95C-6DA4-41E8-8F71-0F49848AE6CC}.Release|x86.Build.0 = Release|x86
	EndGlobalSection
	GlobalSection(SolutionProperties) = preSolution
		HideSolutionNode = FALSE
	EndGlobalSection
EndGlobal
