
Microsoft Visual Studio Solution File, Format Version 12.00
# Visual Studio 15
VisualStudioVersion = 15.0.28307.852
MinimumVisualStudioVersion = 10.0.40219.1
Project("{FAE04EC0-301F-11D3-BF4B-00C04F79EFBC}") = "1. Stack (Стек)", "1. Stack (Стек)\1. Stack (Стек).csproj", "{56940F79-E5DF-4720-9230-A99404CBDB52}"
EndProject
Global
	GlobalSection(SolutionConfigurationPlatforms) = preSolution
		Debug|Any CPU = Debug|Any CPU
		Release|Any CPU = Release|Any CPU
	EndGlobalSection
	GlobalSection(ProjectConfigurationPlatforms) = postSolution
		{56940F79-E5DF-4720-9230-A99404CBDB52}.Debug|Any CPU.ActiveCfg = Debug|Any CPU
		{56940F79-E5DF-4720-9230-A99404CBDB52}.Debug|Any CPU.Build.0 = Debug|Any CPU
		{56940F79-E5DF-4720-9230-A99404CBDB52}.Release|Any CPU.ActiveCfg = Release|Any CPU
		{56940F79-E5DF-4720-9230-A99404CBDB52}.Release|Any CPU.Build.0 = Release|Any CPU
	EndGlobalSection
	GlobalSection(SolutionProperties) = preSolution
		HideSolutionNode = FALSE
	EndGlobalSection
	GlobalSection(ExtensibilityGlobals) = postSolution
		SolutionGuid = {97282D05-03A0-4144-9577-CC7A16BB27C5}
	EndGlobalSection
EndGlobal
