
Microsoft Visual Studio Solution File, Format Version 12.00
# Visual Studio 15
VisualStudioVersion = 15.0.28307.852
MinimumVisualStudioVersion = 10.0.40219.1
Project("{FAE04EC0-301F-11D3-BF4B-00C04F79EFBC}") = "3. Quick search (Быстрый поиск)", "3. Quick search (Быстрый поиск)\3. Quick search (Быстрый поиск).csproj", "{2E356E9C-44CE-402C-818D-BCA74E01EDC4}"
EndProject
Global
	GlobalSection(SolutionConfigurationPlatforms) = preSolution
		Debug|Any CPU = Debug|Any CPU
		Release|Any CPU = Release|Any CPU
	EndGlobalSection
	GlobalSection(ProjectConfigurationPlatforms) = postSolution
		{2E356E9C-44CE-402C-818D-BCA74E01EDC4}.Debug|Any CPU.ActiveCfg = Debug|Any CPU
		{2E356E9C-44CE-402C-818D-BCA74E01EDC4}.Debug|Any CPU.Build.0 = Debug|Any CPU
		{2E356E9C-44CE-402C-818D-BCA74E01EDC4}.Release|Any CPU.ActiveCfg = Release|Any CPU
		{2E356E9C-44CE-402C-818D-BCA74E01EDC4}.Release|Any CPU.Build.0 = Release|Any CPU
	EndGlobalSection
	GlobalSection(SolutionProperties) = preSolution
		HideSolutionNode = FALSE
	EndGlobalSection
	GlobalSection(ExtensibilityGlobals) = postSolution
		SolutionGuid = {33C42C3E-C318-454D-9C31-9BC7974ABEBF}
	EndGlobalSection
EndGlobal
