
Microsoft Visual Studio Solution File, Format Version 12.00
# Visual Studio 15
VisualStudioVersion = 15.0.28307.852
MinimumVisualStudioVersion = 10.0.40219.1
Project("{888888A0-9F3D-457C-B088-3A5042F75D52}") = "Square.Calculator", "Square.Calculator\Square.Calculator.pyproj", "{8792A150-4D8A-481F-8F07-C684C739F57D}"
EndProject
Global
	GlobalSection(SolutionConfigurationPlatforms) = preSolution
		Debug|Any CPU = Debug|Any CPU
		Release|Any CPU = Release|Any CPU
	EndGlobalSection
	GlobalSection(ProjectConfigurationPlatforms) = postSolution
		{8792A150-4D8A-481F-8F07-C684C739F57D}.Debug|Any CPU.ActiveCfg = Debug|Any CPU
		{8792A150-4D8A-481F-8F07-C684C739F57D}.Release|Any CPU.ActiveCfg = Release|Any CPU
	EndGlobalSection
	GlobalSection(SolutionProperties) = preSolution
		HideSolutionNode = FALSE
	EndGlobalSection
	GlobalSection(ExtensibilityGlobals) = postSolution
		SolutionGuid = {40DC82EC-149E-4D75-B21D-B4D772B66078}
	EndGlobalSection
EndGlobal
