
Microsoft Visual Studio Solution File, Format Version 12.00
# Visual Studio Version 16
VisualStudioVersion = 16.0.29326.143
MinimumVisualStudioVersion = 10.0.40219.1
Project("{FAE04EC0-301F-11D3-BF4B-00C04F79EFBC}") = "HSE.ComputerGraphics.Paint", "HSE.ComputerGraphics.Paint\HSE.ComputerGraphics.Paint.csproj", "{75ECE727-9FD2-4600-9324-8999FF2728AE}"
EndProject
Global
	GlobalSection(SolutionConfigurationPlatforms) = preSolution
		Debug|Any CPU = Debug|Any CPU
		Release|Any CPU = Release|Any CPU
	EndGlobalSection
	GlobalSection(ProjectConfigurationPlatforms) = postSolution
		{75ECE727-9FD2-4600-9324-8999FF2728AE}.Debug|Any CPU.ActiveCfg = Debug|Any CPU
		{75ECE727-9FD2-4600-9324-8999FF2728AE}.Debug|Any CPU.Build.0 = Debug|Any CPU
		{75ECE727-9FD2-4600-9324-8999FF2728AE}.Release|Any CPU.ActiveCfg = Release|Any CPU
		{75ECE727-9FD2-4600-9324-8999FF2728AE}.Release|Any CPU.Build.0 = Release|Any CPU
	EndGlobalSection
	GlobalSection(SolutionProperties) = preSolution
		HideSolutionNode = FALSE
	EndGlobalSection
	GlobalSection(ExtensibilityGlobals) = postSolution
		SolutionGuid = {AEA54E7A-7959-4944-971B-300F6B9BC36A}
	EndGlobalSection
EndGlobal
