
Microsoft Visual Studio Solution File, Format Version 12.00
# Visual Studio 15
VisualStudioVersion = 15.0.28307.852
MinimumVisualStudioVersion = 10.0.40219.1
Project("{FAE04EC0-301F-11D3-BF4B-00C04F79EFBC}") = "Lucky ticket", "Lucky ticket\Lucky ticket.csproj", "{D1B0B849-F47B-425E-B3B7-4BEA7380D9E4}"
EndProject
Global
	GlobalSection(SolutionConfigurationPlatforms) = preSolution
		Debug|Any CPU = Debug|Any CPU
		Release|Any CPU = Release|Any CPU
	EndGlobalSection
	GlobalSection(ProjectConfigurationPlatforms) = postSolution
		{D1B0B849-F47B-425E-B3B7-4BEA7380D9E4}.Debug|Any CPU.ActiveCfg = Debug|Any CPU
		{D1B0B849-F47B-425E-B3B7-4BEA7380D9E4}.Debug|Any CPU.Build.0 = Debug|Any CPU
		{D1B0B849-F47B-425E-B3B7-4BEA7380D9E4}.Release|Any CPU.ActiveCfg = Release|Any CPU
		{D1B0B849-F47B-425E-B3B7-4BEA7380D9E4}.Release|Any CPU.Build.0 = Release|Any CPU
	EndGlobalSection
	GlobalSection(SolutionProperties) = preSolution
		HideSolutionNode = FALSE
	EndGlobalSection
	GlobalSection(ExtensibilityGlobals) = postSolution
		SolutionGuid = {F1478F23-DEE3-408E-B660-2A5C3C64BF27}
	EndGlobalSection
EndGlobal
